
Microsoft Visual Studio Solution File, Format Version 12.00
# Visual Studio Version 16
VisualStudioVersion = 16.0.31205.134
MinimumVisualStudioVersion = 10.0.40219.1
Project("{FAE04EC0-301F-11D3-BF4B-00C04F79EFBC}") = "FileProcessor", "FileProcessor\FileProcessor.csproj", "{012AC7D0-BEA2-4FDA-9D8C-FBFB0BDEEA6C}"
EndProject
Project("{2150E333-8FDC-42A3-9474-1A3956D46DE8}") = "src", "src", "{DB9E2720-74A1-4B32-B5BF-6C7C75385A40}"
EndProject
Project("{2150E333-8FDC-42A3-9474-1A3956D46DE8}") = "test", "test", "{90754177-874F-4E7F-ACC4-BE1B879332E6}"
EndProject
Project("{FAE04EC0-301F-11D3-BF4B-00C04F79EFBC}") = "FileProcessor.BusinessLogic", "FileProcessor.BusinessLogic\FileProcessor.BusinessLogic.csproj", "{F8CFB70F-3A70-423A-BA66-893FE7562D2E}"
EndProject
Project("{FAE04EC0-301F-11D3-BF4B-00C04F79EFBC}") = "FileProcessor.BusinessLogic.Tests", "FileProcessor.BusinessLogic.Tests\FileProcessor.BusinessLogic.Tests.csproj", "{8974B369-7CEA-49EC-B222-18AB30B1540F}"
EndProject
Global
	GlobalSection(SolutionConfigurationPlatforms) = preSolution
		Debug|Any CPU = Debug|Any CPU
		Release|Any CPU = Release|Any CPU
	EndGlobalSection
	GlobalSection(ProjectConfigurationPlatforms) = postSolution
		{012AC7D0-BEA2-4FDA-9D8C-FBFB0BDEEA6C}.Debug|Any CPU.ActiveCfg = Debug|Any CPU
		{012AC7D0-BEA2-4FDA-9D8C-FBFB0BDEEA6C}.Debug|Any CPU.Build.0 = Debug|Any CPU
		{012AC7D0-BEA2-4FDA-9D8C-FBFB0BDEEA6C}.Release|Any CPU.ActiveCfg = Release|Any CPU
		{012AC7D0-BEA2-4FDA-9D8C-FBFB0BDEEA6C}.Release|Any CPU.Build.0 = Release|Any CPU
		{F8CFB70F-3A70-423A-BA66-893FE7562D2E}.Debug|Any CPU.ActiveCfg = Debug|Any CPU
		{F8CFB70F-3A70-423A-BA66-893FE7562D2E}.Debug|Any CPU.Build.0 = Debug|Any CPU
		{F8CFB70F-3A70-423A-BA66-893FE7562D2E}.Release|Any CPU.ActiveCfg = Release|Any CPU
		{F8CFB70F-3A70-423A-BA66-893FE7562D2E}.Release|Any CPU.Build.0 = Release|Any CPU
		{8974B369-7CEA-49EC-B222-18AB30B1540F}.Debug|Any CPU.ActiveCfg = Debug|Any CPU
		{8974B369-7CEA-49EC-B222-18AB30B1540F}.Debug|Any CPU.Build.0 = Debug|Any CPU
		{8974B369-7CEA-49EC-B222-18AB30B1540F}.Release|Any CPU.ActiveCfg = Release|Any CPU
		{8974B369-7CEA-49EC-B222-18AB30B1540F}.Release|Any CPU.Build.0 = Release|Any CPU
	EndGlobalSection
	GlobalSection(SolutionProperties) = preSolution
		HideSolutionNode = FALSE
	EndGlobalSection
	GlobalSection(NestedProjects) = preSolution
		{012AC7D0-BEA2-4FDA-9D8C-FBFB0BDEEA6C} = {DB9E2720-74A1-4B32-B5BF-6C7C75385A40}
		{F8CFB70F-3A70-423A-BA66-893FE7562D2E} = {DB9E2720-74A1-4B32-B5BF-6C7C75385A40}
		{8974B369-7CEA-49EC-B222-18AB30B1540F} = {90754177-874F-4E7F-ACC4-BE1B879332E6}
	EndGlobalSection
	GlobalSection(ExtensibilityGlobals) = postSolution
		SolutionGuid = {36E7D51E-38C9-4250-A7D8-7CA2FCEE0B3D}
	EndGlobalSection
EndGlobal
